
Microsoft Visual Studio Solution File, Format Version 12.00
# Visual Studio Version 17
VisualStudioVersion = 17.8.34330.188
MinimumVisualStudioVersion = 10.0.40219.1
Project("{FAE04EC0-301F-11D3-BF4B-00C04F79EFBC}") = "ShelfLife.Server", "ShelfLife.Server\ShelfLife.Server.csproj", "{2138F7C5-D8E2-4184-9846-53D95C25ACA9}"
EndProject
Global
	GlobalSection(SolutionConfigurationPlatforms) = preSolution
		Debug|Any CPU = Debug|Any CPU
		Release|Any CPU = Release|Any CPU
	EndGlobalSection
	GlobalSection(ProjectConfigurationPlatforms) = postSolution
		{2138F7C5-D8E2-4184-9846-53D95C25ACA9}.Debug|Any CPU.ActiveCfg = Debug|Any CPU
		{2138F7C5-D8E2-4184-9846-53D95C25ACA9}.Debug|Any CPU.Build.0 = Debug|Any CPU
		{2138F7C5-D8E2-4184-9846-53D95C25ACA9}.Release|Any CPU.ActiveCfg = Release|Any CPU
		{2138F7C5-D8E2-4184-9846-53D95C25ACA9}.Release|Any CPU.Build.0 = Release|Any CPU
	EndGlobalSection
	GlobalSection(SolutionProperties) = preSolution
		HideSolutionNode = FALSE
	EndGlobalSection
	GlobalSection(ExtensibilityGlobals) = postSolution
		SolutionGuid = {872E291F-6BC7-405C-A160-1A40E614A45B}
	EndGlobalSection
EndGlobal
